
Microsoft Visual Studio Solution File, Format Version 12.00
# Visual Studio Version 16
VisualStudioVersion = 16.0.30517.126
MinimumVisualStudioVersion = 10.0.40219.1
Project("{9A19103F-16F7-4668-BE54-9A1E7A4F7556}") = "Alvin-P1-API", "Alvin-P1-API.csproj", "{8521AD4E-F91E-4333-9D3F-D9F1ED0A9B43}"
EndProject
Global
	GlobalSection(SolutionConfigurationPlatforms) = preSolution
		Debug|Any CPU = Debug|Any CPU
		Release|Any CPU = Release|Any CPU
	EndGlobalSection
	GlobalSection(ProjectConfigurationPlatforms) = postSolution
		{8521AD4E-F91E-4333-9D3F-D9F1ED0A9B43}.Debug|Any CPU.ActiveCfg = Debug|Any CPU
		{8521AD4E-F91E-4333-9D3F-D9F1ED0A9B43}.Debug|Any CPU.Build.0 = Debug|Any CPU
		{8521AD4E-F91E-4333-9D3F-D9F1ED0A9B43}.Release|Any CPU.ActiveCfg = Release|Any CPU
		{8521AD4E-F91E-4333-9D3F-D9F1ED0A9B43}.Release|Any CPU.Build.0 = Release|Any CPU
	EndGlobalSection
	GlobalSection(SolutionProperties) = preSolution
		HideSolutionNode = FALSE
	EndGlobalSection
	GlobalSection(ExtensibilityGlobals) = postSolution
		SolutionGuid = {95A345DA-1435-43B2-9A50-A208068F43CE}
	EndGlobalSection
EndGlobal
